
Microsoft Visual Studio Solution File, Format Version 12.00
# Visual Studio Version 17
VisualStudioVersion = 17.9.34902.65
MinimumVisualStudioVersion = 10.0.40219.1
Project("{FAE04EC0-301F-11D3-BF4B-00C04F79EFBC}") = "AlertCenter", "AlertCenter\AlertCenter.csproj", "{899739ED-168F-4FB3-A313-E9144D1FC21F}"
EndProject
Global
	GlobalSection(SolutionConfigurationPlatforms) = preSolution
		Debug|Any CPU = Debug|Any CPU
		Release|Any CPU = Release|Any CPU
	EndGlobalSection
	GlobalSection(ProjectConfigurationPlatforms) = postSolution
		{899739ED-168F-4FB3-A313-E9144D1FC21F}.Debug|Any CPU.ActiveCfg = Debug|Any CPU
		{899739ED-168F-4FB3-A313-E9144D1FC21F}.Debug|Any CPU.Build.0 = Debug|Any CPU
		{899739ED-168F-4FB3-A313-E9144D1FC21F}.Release|Any CPU.ActiveCfg = Release|Any CPU
		{899739ED-168F-4FB3-A313-E9144D1FC21F}.Release|Any CPU.Build.0 = Release|Any CPU
	EndGlobalSection
	GlobalSection(SolutionProperties) = preSolution
		HideSolutionNode = FALSE
	EndGlobalSection
	GlobalSection(ExtensibilityGlobals) = postSolution
		SolutionGuid = {1107B9E5-1E5F-423C-87F9-2F55CE6A45F1}
	EndGlobalSection
EndGlobal
